
Microsoft Visual Studio Solution File, Format Version 12.00
# Visual Studio Version 16
VisualStudioVersion = 16.0.29709.97
MinimumVisualStudioVersion = 10.0.40219.1
Project("{FAE04EC0-301F-11D3-BF4B-00C04F79EFBC}") = "Excercise2", "Excercise2.csproj", "{AC5B63AD-E30B-4786-B55A-90A0ED9D80FA}"
EndProject
Global
	GlobalSection(SolutionConfigurationPlatforms) = preSolution
		Debug|Any CPU = Debug|Any CPU
		Release|Any CPU = Release|Any CPU
	EndGlobalSection
	GlobalSection(ProjectConfigurationPlatforms) = postSolution
		{AC5B63AD-E30B-4786-B55A-90A0ED9D80FA}.Debug|Any CPU.ActiveCfg = Debug|Any CPU
		{AC5B63AD-E30B-4786-B55A-90A0ED9D80FA}.Debug|Any CPU.Build.0 = Debug|Any CPU
		{AC5B63AD-E30B-4786-B55A-90A0ED9D80FA}.Release|Any CPU.ActiveCfg = Release|Any CPU
		{AC5B63AD-E30B-4786-B55A-90A0ED9D80FA}.Release|Any CPU.Build.0 = Release|Any CPU
	EndGlobalSection
	GlobalSection(SolutionProperties) = preSolution
		HideSolutionNode = FALSE
	EndGlobalSection
	GlobalSection(ExtensibilityGlobals) = postSolution
		SolutionGuid = {7647FBA3-ADAD-4C89-A945-D396B718A81A}
	EndGlobalSection
EndGlobal
